
Microsoft Visual Studio Solution File, Format Version 12.00
# Visual Studio Version 17
VisualStudioVersion = 17.3.32901.215
MinimumVisualStudioVersion = 10.0.40219.1
Project("{9A19103F-16F7-4668-BE54-9A1E7A4F7556}") = "Api", "Api\Api.csproj", "{AFC947D9-92A3-45C3-879F-4CFA4118C3A4}"
EndProject
Project("{9A19103F-16F7-4668-BE54-9A1E7A4F7556}") = "DAL", "DAL\DAL.csproj", "{17C40ADE-CC1E-4CB1-8AA5-284B3EEDA0A3}"
EndProject
Project("{FAE04EC0-301F-11D3-BF4B-00C04F79EFBC}") = "Common", "Common\Common.csproj", "{176B0196-3EF3-4E66-9EB0-CA34F4A0E171}"
EndProject
Global
	GlobalSection(SolutionConfigurationPlatforms) = preSolution
		Debug|Any CPU = Debug|Any CPU
		Release|Any CPU = Release|Any CPU
	EndGlobalSection
	GlobalSection(ProjectConfigurationPlatforms) = postSolution
		{AFC947D9-92A3-45C3-879F-4CFA4118C3A4}.Debug|Any CPU.ActiveCfg = Debug|Any CPU
		{AFC947D9-92A3-45C3-879F-4CFA4118C3A4}.Debug|Any CPU.Build.0 = Debug|Any CPU
		{AFC947D9-92A3-45C3-879F-4CFA4118C3A4}.Release|Any CPU.ActiveCfg = Release|Any CPU
		{AFC947D9-92A3-45C3-879F-4CFA4118C3A4}.Release|Any CPU.Build.0 = Release|Any CPU
		{17C40ADE-CC1E-4CB1-8AA5-284B3EEDA0A3}.Debug|Any CPU.ActiveCfg = Debug|Any CPU
		{17C40ADE-CC1E-4CB1-8AA5-284B3EEDA0A3}.Debug|Any CPU.Build.0 = Debug|Any CPU
		{17C40ADE-CC1E-4CB1-8AA5-284B3EEDA0A3}.Release|Any CPU.ActiveCfg = Release|Any CPU
		{17C40ADE-CC1E-4CB1-8AA5-284B3EEDA0A3}.Release|Any CPU.Build.0 = Release|Any CPU
		{176B0196-3EF3-4E66-9EB0-CA34F4A0E171}.Debug|Any CPU.ActiveCfg = Debug|Any CPU
		{176B0196-3EF3-4E66-9EB0-CA34F4A0E171}.Debug|Any CPU.Build.0 = Debug|Any CPU
		{176B0196-3EF3-4E66-9EB0-CA34F4A0E171}.Release|Any CPU.ActiveCfg = Release|Any CPU
		{176B0196-3EF3-4E66-9EB0-CA34F4A0E171}.Release|Any CPU.Build.0 = Release|Any CPU
	EndGlobalSection
	GlobalSection(SolutionProperties) = preSolution
		HideSolutionNode = FALSE
	EndGlobalSection
	GlobalSection(ExtensibilityGlobals) = postSolution
		SolutionGuid = {953E1144-AA42-4687-A5F7-81FDF21BE92F}
	EndGlobalSection
EndGlobal
